
Microsoft Visual Studio Solution File, Format Version 12.00
# Visual Studio Version 17
VisualStudioVersion = 17.9.34622.214
MinimumVisualStudioVersion = 10.0.40219.1
Project("{9A19103F-16F7-4668-BE54-9A1E7A4F7556}") = "Mimeo.Web", "Mimeo.Web\Mimeo.Web.csproj", "{25C1C70F-F09B-4D68-81B2-B39C32F9CB9A}"
EndProject
Project("{9A19103F-16F7-4668-BE54-9A1E7A4F7556}") = "Mimeo.Blocks", "Mimeo.Blocks\Mimeo.Blocks.csproj", "{4AB32F8A-C43D-4C9F-A4A6-5A1E0F5B3D28}"
EndProject
Project("{9A19103F-16F7-4668-BE54-9A1E7A4F7556}") = "Mimeo.Middle", "Mimeo.Middle\Mimeo.Middle.csproj", "{C91A053E-63A4-414B-BDF4-5A9842B55781}"
EndProject
Project("{9A19103F-16F7-4668-BE54-9A1E7A4F7556}") = "Mimeo.ConsoleApp", "Mimeo.ConsoleApp\Mimeo.ConsoleApp.csproj", "{C194BEF7-0131-49F9-A66C-3B1F2BF1B01B}"
EndProject
Global
	GlobalSection(SolutionConfigurationPlatforms) = preSolution
		Debug|Any CPU = Debug|Any CPU
		Release|Any CPU = Release|Any CPU
	EndGlobalSection
	GlobalSection(ProjectConfigurationPlatforms) = postSolution
		{25C1C70F-F09B-4D68-81B2-B39C32F9CB9A}.Debug|Any CPU.ActiveCfg = Debug|Any CPU
		{25C1C70F-F09B-4D68-81B2-B39C32F9CB9A}.Debug|Any CPU.Build.0 = Debug|Any CPU
		{25C1C70F-F09B-4D68-81B2-B39C32F9CB9A}.Release|Any CPU.ActiveCfg = Release|Any CPU
		{25C1C70F-F09B-4D68-81B2-B39C32F9CB9A}.Release|Any CPU.Build.0 = Release|Any CPU
		{4AB32F8A-C43D-4C9F-A4A6-5A1E0F5B3D28}.Debug|Any CPU.ActiveCfg = Debug|Any CPU
		{4AB32F8A-C43D-4C9F-A4A6-5A1E0F5B3D28}.Debug|Any CPU.Build.0 = Debug|Any CPU
		{4AB32F8A-C43D-4C9F-A4A6-5A1E0F5B3D28}.Release|Any CPU.ActiveCfg = Release|Any CPU
		{4AB32F8A-C43D-4C9F-A4A6-5A1E0F5B3D28}.Release|Any CPU.Build.0 = Release|Any CPU
		{C91A053E-63A4-414B-BDF4-5A9842B55781}.Debug|Any CPU.ActiveCfg = Debug|Any CPU
		{C91A053E-63A4-414B-BDF4-5A9842B55781}.Debug|Any CPU.Build.0 = Debug|Any CPU
		{C91A053E-63A4-414B-BDF4-5A9842B55781}.Release|Any CPU.ActiveCfg = Release|Any CPU
		{C91A053E-63A4-414B-BDF4-5A9842B55781}.Release|Any CPU.Build.0 = Release|Any CPU
		{C194BEF7-0131-49F9-A66C-3B1F2BF1B01B}.Debug|Any CPU.ActiveCfg = Debug|Any CPU
		{C194BEF7-0131-49F9-A66C-3B1F2BF1B01B}.Debug|Any CPU.Build.0 = Debug|Any CPU
		{C194BEF7-0131-49F9-A66C-3B1F2BF1B01B}.Release|Any CPU.ActiveCfg = Release|Any CPU
		{C194BEF7-0131-49F9-A66C-3B1F2BF1B01B}.Release|Any CPU.Build.0 = Release|Any CPU
	EndGlobalSection
	GlobalSection(SolutionProperties) = preSolution
		HideSolutionNode = FALSE
	EndGlobalSection
	GlobalSection(ExtensibilityGlobals) = postSolution
		SolutionGuid = {6D00A0C9-072F-4D8F-ACD2-A54BC049BECF}
	EndGlobalSection
EndGlobal
