
Microsoft Visual Studio Solution File, Format Version 12.00
# Visual Studio Version 17
VisualStudioVersion = 17.9.34622.214
MinimumVisualStudioVersion = 10.0.40219.1
Project("{9A19103F-16F7-4668-BE54-9A1E7A4F7556}") = "Mimeo.Communications", "Mimeo.Communications.csproj", "{E2F78DD7-4AB2-407C-958C-7C267928E631}"
EndProject
Project("{9A19103F-16F7-4668-BE54-9A1E7A4F7556}") = "Mimeo.Blocks", "..\Mimeo.Blocks\Mimeo.Blocks.csproj", "{9ECB6015-E10C-499F-B5E4-FB9A77AD9296}"
EndProject
Project("{9A19103F-16F7-4668-BE54-9A1E7A4F7556}") = "Mimeo.ConsoleApp", "..\Mimeo.ConsoleApp\Mimeo.ConsoleApp.csproj", "{733411CA-E5AA-4526-A8FF-952CA2AA911C}"
EndProject
Global
	GlobalSection(SolutionConfigurationPlatforms) = preSolution
		Debug|Any CPU = Debug|Any CPU
		Release|Any CPU = Release|Any CPU
	EndGlobalSection
	GlobalSection(ProjectConfigurationPlatforms) = postSolution
		{E2F78DD7-4AB2-407C-958C-7C267928E631}.Debug|Any CPU.ActiveCfg = Debug|Any CPU
		{E2F78DD7-4AB2-407C-958C-7C267928E631}.Debug|Any CPU.Build.0 = Debug|Any CPU
		{E2F78DD7-4AB2-407C-958C-7C267928E631}.Release|Any CPU.ActiveCfg = Release|Any CPU
		{E2F78DD7-4AB2-407C-958C-7C267928E631}.Release|Any CPU.Build.0 = Release|Any CPU
		{9ECB6015-E10C-499F-B5E4-FB9A77AD9296}.Debug|Any CPU.ActiveCfg = Debug|Any CPU
		{9ECB6015-E10C-499F-B5E4-FB9A77AD9296}.Debug|Any CPU.Build.0 = Debug|Any CPU
		{9ECB6015-E10C-499F-B5E4-FB9A77AD9296}.Release|Any CPU.ActiveCfg = Release|Any CPU
		{9ECB6015-E10C-499F-B5E4-FB9A77AD9296}.Release|Any CPU.Build.0 = Release|Any CPU
		{733411CA-E5AA-4526-A8FF-952CA2AA911C}.Debug|Any CPU.ActiveCfg = Debug|Any CPU
		{733411CA-E5AA-4526-A8FF-952CA2AA911C}.Debug|Any CPU.Build.0 = Debug|Any CPU
		{733411CA-E5AA-4526-A8FF-952CA2AA911C}.Release|Any CPU.ActiveCfg = Release|Any CPU
		{733411CA-E5AA-4526-A8FF-952CA2AA911C}.Release|Any CPU.Build.0 = Release|Any CPU
	EndGlobalSection
	GlobalSection(SolutionProperties) = preSolution
		HideSolutionNode = FALSE
	EndGlobalSection
	GlobalSection(ExtensibilityGlobals) = postSolution
		SolutionGuid = {26EA40CA-2D78-4AE1-8D65-EE1771D7BEE7}
	EndGlobalSection
EndGlobal
